
Microsoft Visual Studio Solution File, Format Version 12.00
# Visual Studio Version 17
VisualStudioVersion = 17.0.31903.59
MinimumVisualStudioVersion = 10.0.40219.1
Project("{FAE04EC0-301F-11D3-BF4B-00C04F79EFBC}") = "DotnetHandler", "src\DotnetHandler\DotnetHandler.csproj", "{A1B2C3D4-E5F6-7890-ABCD-EF1234567890}"
EndProject
Project("{FAE04EC0-301F-11D3-BF4B-00C04F79EFBC}") = "DotnetHandler.Tests", "tests\DotnetHandler.Tests\DotnetHandler.Tests.csproj", "{B2C3D4E5-F6A7-8901-BCDE-F12345678901}"
EndProject
Project("{FAE04EC0-301F-11D3-BF4B-00C04F79EFBC}") = "DotnetHandler.Sample", "samples\DotnetHandler.Sample\DotnetHandler.Sample.csproj", "{C3D4E5F6-A7B8-9012-CDEF-012345678902}"
EndProject
Project("{2150E333-8FDC-42A3-9474-1A3956D46DE8}") = "SolutionFolder", "SolutionFolder", "{B768CF92-6DC3-4A4A-B345-46F9765E8312}"
	ProjectSection(SolutionItems) = preProject
		README.md = README.md
		.github\workflows\publish.yaml = .github\workflows\publish.yaml
		.github\workflows\build_and_test.yaml = .github\workflows\build_and_test.yaml
		.gitignore = .gitignore
	EndProjectSection
EndProject
Project("{FAE04EC0-301F-11D3-BF4B-00C04F79EFBC}") = "DotnetHandler.Sample.Tests", "tests\DotnetHandler.Sample.Tests\DotnetHandler.Sample.Tests.csproj", "{A77B7EC8-B0BE-4E0D-96F1-EBA58A86BC1E}"
EndProject
Global
	GlobalSection(SolutionConfigurationPlatforms) = preSolution
		Debug|Any CPU = Debug|Any CPU
		Release|Any CPU = Release|Any CPU
	EndGlobalSection
	GlobalSection(ProjectConfigurationPlatforms) = postSolution
		{A1B2C3D4-E5F6-7890-ABCD-EF1234567890}.Debug|Any CPU.ActiveCfg = Debug|Any CPU
		{A1B2C3D4-E5F6-7890-ABCD-EF1234567890}.Debug|Any CPU.Build.0 = Debug|Any CPU
		{A1B2C3D4-E5F6-7890-ABCD-EF1234567890}.Release|Any CPU.ActiveCfg = Release|Any CPU
		{A1B2C3D4-E5F6-7890-ABCD-EF1234567890}.Release|Any CPU.Build.0 = Release|Any CPU
		{B2C3D4E5-F6A7-8901-BCDE-F12345678901}.Debug|Any CPU.ActiveCfg = Debug|Any CPU
		{B2C3D4E5-F6A7-8901-BCDE-F12345678901}.Debug|Any CPU.Build.0 = Debug|Any CPU
		{B2C3D4E5-F6A7-8901-BCDE-F12345678901}.Release|Any CPU.ActiveCfg = Release|Any CPU
		{B2C3D4E5-F6A7-8901-BCDE-F12345678901}.Release|Any CPU.Build.0 = Release|Any CPU
		{C3D4E5F6-A7B8-9012-CDEF-012345678902}.Debug|Any CPU.ActiveCfg = Debug|Any CPU
		{C3D4E5F6-A7B8-9012-CDEF-012345678902}.Debug|Any CPU.Build.0 = Debug|Any CPU
		{C3D4E5F6-A7B8-9012-CDEF-012345678902}.Release|Any CPU.ActiveCfg = Release|Any CPU
		{C3D4E5F6-A7B8-9012-CDEF-012345678902}.Release|Any CPU.Build.0 = Release|Any CPU
		{A77B7EC8-B0BE-4E0D-96F1-EBA58A86BC1E}.Debug|Any CPU.ActiveCfg = Debug|Any CPU
		{A77B7EC8-B0BE-4E0D-96F1-EBA58A86BC1E}.Debug|Any CPU.Build.0 = Debug|Any CPU
		{A77B7EC8-B0BE-4E0D-96F1-EBA58A86BC1E}.Release|Any CPU.ActiveCfg = Release|Any CPU
		{A77B7EC8-B0BE-4E0D-96F1-EBA58A86BC1E}.Release|Any CPU.Build.0 = Release|Any CPU
	EndGlobalSection
EndGlobal
